// !$*UTF8*$!
{
	archiveVersion = 1;
	classes = {
	};
	objectVersion = 46;
	objects = {

/* Begin PBXBuildFile section */
		B0724E2A1DCC65AA009A53E7 /* main.m in Sources */ = {isa = PBXBuildFile; fileRef = B0724E291DCC65AA009A53E7 /* main.m */; };
		B0724E2D1DCC65AA009A53E7 /* AppDelegate.m in Sources */ = {isa = PBXBuildFile; fileRef = B0724E2C1DCC65AA009A53E7 /* AppDelegate.m */; };
		B0724E301DCC65AA009A53E7 /* ViewController.m in Sources */ = {isa = PBXBuildFile; fileRef = B0724E2F1DCC65AA009A53E7 /* ViewController.m */; };
		B0724E331DCC65AA009A53E7 /* Main.storyboard in Resources */ = {isa = PBXBuildFile; fileRef = B0724E311DCC65AA009A53E7 /* Main.storyboard */; };
		B0724E351DCC65AB009A53E7 /* Assets.xcassets in Resources */ = {isa = PBXBuildFile; fileRef = B0724E341DCC65AB009A53E7 /* Assets.xcassets */; };
		B0724E381DCC65AB009A53E7 /* LaunchScreen.storyboard in Resources */ = {isa = PBXBuildFile; fileRef = B0724E361DCC65AB009A53E7 /* LaunchScreen.storyboard */; };
		B0724E431DCC65AD009A53E7 /* GitDemoTestTests.m in Sources */ = {isa = PBXBuildFile; fileRef = B0724E421DCC65AD009A53E7 /* GitDemoTestTests.m */; };
		B0724E4E1DCC65AD009A53E7 /* GitDemoTestUITests.m in Sources */ = {isa = PBXBuildFile; fileRef = B0724E4D1DCC65AD009A53E7 /* GitDemoTestUITests.m */; };
/* End PBXBuildFile section */

/* Begin PBXContainerItemProxy section */
		B0724E3F1DCC65AD009A53E7 /* PBXContainerItemProxy */ = {
			isa = PBXContainerItemProxy;
			containerPortal = B0724E1D1DCC65A8009A53E7 /* Project object */;
			proxyType = 1;
			remoteGlobalIDString = B0724E241DCC65AA009A53E7;
			remoteInfo = GitDemoTest;
		};
		B0724E4A1DCC65AD009A53E7 /* PBXContainerItemProxy */ = {
			isa = PBXContainerItemProxy;
			containerPortal = B0724E1D1DCC65A8009A53E7 /* Project object */;
			proxyType = 1;
			remoteGlobalIDString = B0724E241DCC65AA009A53E7;
			remoteInfo = GitDemoTest;
		};
/* End PBXContainerItemProxy section */

/* Begin PBXFileReference section */
		B0724E251DCC65AA009A53E7 /* GitDemoTest.app */ = {isa = PBXFileReference; explicitFileType = wrapper.application; includeInIndex = 0; path = GitDemoTest.app; sourceTree = BUILT_PRODUCTS_DIR; };
		B0724E291DCC65AA009A53E7 /* main.m */ = {isa = PBXFileReference; lastKnownFileType = sourcecode.c.objc; path = main.m; sourceTree = "<group>"; };
		B0724E2B1DCC65AA009A53E7 /* AppDelegate.h */ = {isa = PBXFileReference; lastKnownFileType = sourcecode.c.h; path = AppDelegate.h; sourceTree = "<group>"; };
		B0724E2C1DCC65AA009A53E7 /* AppDelegate.m */ = {isa = PBXFileReference; lastKnownFileType = sourcecode.c.objc; path = AppDelegate.m; sourceTree = "<group>"; };
		B0724E2E1DCC65AA009A53E7 /* ViewController.h */ = {isa = PBXFileReference; lastKnownFileType = sourcecode.c.h; path = ViewController.h; sourceTree = "<group>"; };
		B0724E2F1DCC65AA009A53E7 /* ViewController.m */ = {isa = PBXFileReference; lastKnownFileType = sourcecode.c.objc; path = ViewController.m; sourceTree = "<group>"; };
		B0724E321DCC65AA009A53E7 /* Base */ = {isa = PBXFileReference; lastKnownFileType = file.storyboard; name = Base; path = Base.lproj/Main.storyboard; sourceTree = "<group>"; };
		B0724E341DCC65AB009A53E7 /* Assets.xcassets */ = {isa = PBXFileReference; lastKnownFileType = folder.assetcatalog; path = Assets.xcassets; sourceTree = "<group>"; };
		B0724E371DCC65AB009A53E7 /* Base */ = {isa = PBXFileReference; lastKnownFileType = file.storyboard; name = Base; path = Base.lproj/LaunchScreen.storyboard; sourceTree = "<group>"; };
		B0724E391DCC65AB009A53E7 /* Info.plist */ = {isa = PBXFileReference; lastKnownFileType = text.plist.xml; path = Info.plist; sourceTree = "<group>"; };
		B0724E3E1DCC65AD009A53E7 /* GitDemoTestTests.xctest */ = {isa = PBXFileReference; explicitFileType = wrapper.cfbundle; includeInIndex = 0; path = GitDemoTestTests.xctest; sourceTree = BUILT_PRODUCTS_DIR; };
		B0724E421DCC65AD009A53E7 /* GitDemoTestTests.m */ = {isa = PBXFileReference; lastKnownFileType = sourcecode.c.objc; path = GitDemoTestTests.m; sourceTree = "<group>"; };
		B0724E441DCC65AD009A53E7 /* Info.plist */ = {isa = PBXFileReference; lastKnownFileType = text.plist.xml; path = Info.plist; sourceTree = "<group>"; };
		B0724E491DCC65AD009A53E7 /* GitDemoTestUITests.xctest */ = {isa = PBXFileReference; explicitFileType = wrapper.cfbundle; includeInIndex = 0; path = GitDemoTestUITests.xctest; sourceTree = BUILT_PRODUCTS_DIR; };
		B0724E4D1DCC65AD009A53E7 /* GitDemoTestUITests.m */ = {isa = PBXFileReference; lastKnownFileType = sourcecode.c.objc; path = GitDemoTestUITests.m; sourceTree = "<group>"; };
		B0724E4F1DCC65AD009A53E7 /* Info.plist */ = {isa = PBXFileReference; lastKnownFileType = text.plist.xml; path = Info.plist; sourceTree = "<group>"; };
/* End PBXFileReference section */

/* Begin PBXFrameworksBuildPhase section */
		B0724E221DCC65AA009A53E7 /* Frameworks */ = {
			isa = PBXFrameworksBuildPhase;
			buildActionMask = 2147483647;
			files = (
			);
			runOnlyForDeploymentPostprocessing = 0;
		};
		B0724E3B1DCC65AD009A53E7 /* Frameworks */ = {
			isa = PBXFrameworksBuildPhase;
			buildActionMask = 2147483647;
			files = (
			);
			runOnlyForDeploymentPostprocessing = 0;
		};
		B0724E461DCC65AD009A53E7 /* Frameworks */ = {
			isa = PBXFrameworksBuildPhase;
			buildActionMask = 2147483647;
			files = (
			);
			runOnlyForDeploymentPostprocessing = 0;
		};
/* End PBXFrameworksBuildPhase section */

/* Begin PBXGroup section */
		B0724E1C1DCC65A7009A53E7 = {
			isa = PBXGroup;
			children = (
				B0724E271DCC65AA009A53E7 /* GitDemoTest */,
				B0724E411DCC65AD009A53E7 /* GitDemoTestTests */,
				B0724E4C1DCC65AD009A53E7 /* GitDemoTestUITests */,
				B0724E261DCC65AA009A53E7 /* Products */,
			);
			sourceTree = "<group>";
		};
		B0724E261DCC65AA009A53E7 /* Products */ = {
			isa = PBXGroup;
			children = (
				B0724E251DCC65AA009A53E7 /* GitDemoTest.app */,
				B0724E3E1DCC65AD009A53E7 /* GitDemoTestTests.xctest */,
				B0724E491DCC65AD009A53E7 /* GitDemoTestUITests.xctest */,
			);
			name = Products;
			sourceTree = "<group>";
		};
		B0724E271DCC65AA009A53E7 /* GitDemoTest */ = {
			isa = PBXGroup;
			children = (
				B0724E2B1DCC65AA009A53E7 /* AppDelegate.h */,
				B0724E2C1DCC65AA009A53E7 /* AppDelegate.m */,
				B0724E2E1DCC65AA009A53E7 /* ViewController.h */,
				B0724E2F1DCC65AA009A53E7 /* ViewController.m */,
				B0724E311DCC65AA009A53E7 /* Main.storyboard */,
				B0724E341DCC65AB009A53E7 /* Assets.xcassets */,
				B0724E361DCC65AB009A53E7 /* LaunchScreen.storyboard */,
				B0724E391DCC65AB009A53E7 /* Info.plist */,
				B0724E281DCC65AA009A53E7 /* Supporting Files */,
			);
			path = GitDemoTest;
			sourceTree = "<group>";
		};
		B0724E281DCC65AA009A53E7 /* Supporting Files */ = {
			isa = PBXGroup;
			children = (
				B0724E291DCC65AA009A53E7 /* main.m */,
			);
			name = "Supporting Files";
			sourceTree = "<group>";
		};
		B0724E411DCC65AD009A53E7 /* GitDemoTestTests */ = {
			isa = PBXGroup;
			children = (
				B0724E421DCC65AD009A53E7 /* GitDemoTestTests.m */,
				B0724E441DCC65AD009A53E7 /* Info.plist */,
			);
			path = GitDemoTestTests;
			sourceTree = "<group>";
		};
		B0724E4C1DCC65AD009A53E7 /* GitDemoTestUITests */ = {
			isa = PBXGroup;
			children = (
				B0724E4D1DCC65AD009A53E7 /* GitDemoTestUITests.m */,
				B0724E4F1DCC65AD009A53E7 /* Info.plist */,
			);
			path = GitDemoTestUITests;
			sourceTree = "<group>";
		};
/* End PBXGroup section */

/* Begin PBXNativeTarget section */
		B0724E241DCC65AA009A53E7 /* GitDemoTest */ = {
			isa = PBXNativeTarget;
			buildConfigurationList = B0724E521DCC65AD009A53E7 /* Build configuration list for PBXNativeTarget "GitDemoTest" */;
			buildPhases = (
				B0724E211DCC65AA009A53E7 /* Sources */,
				B0724E221DCC65AA009A53E7 /* Frameworks */,
				B0724E231DCC65AA009A53E7 /* Resources */,
			);
			buildRules = (
			);
			dependencies = (
			);
			name = GitDemoTest;
			productName = GitDemoTest;
			productReference = B0724E251DCC65AA009A53E7 /* GitDemoTest.app */;
			productType = "com.apple.product-type.application";
		};
		B0724E3D1DCC65AD009A53E7 /* GitDemoTestTests */ = {
			isa = PBXNativeTarget;
			buildConfigurationList = B0724E551DCC65AD009A53E7 /* Build configuration list for PBXNativeTarget "GitDemoTestTests" */;
			buildPhases = (
				B0724E3A1DCC65AD009A53E7 /* Sources */,
				B0724E3B1DCC65AD009A53E7 /* Frameworks */,
				B0724E3C1DCC65AD009A53E7 /* Resources */,
			);
			buildRules = (
			);
			dependencies = (
				B0724E401DCC65AD009A53E7 /* PBXTargetDependency */,
			);
			name = GitDemoTestTests;
			productName = GitDemoTestTests;
			productReference = B0724E3E1DCC65AD009A53E7 /* GitDemoTestTests.xctest */;
			productType = "com.apple.product-type.bundle.unit-test";
		};
		B0724E481DCC65AD009A53E7 /* GitDemoTestUITests */ = {
			isa = PBXNativeTarget;
			buildConfigurationList = B0724E581DCC65AD009A53E7 /* Build configuration list for PBXNativeTarget "GitDemoTestUITests" */;
			buildPhases = (
				B0724E451DCC65AD009A53E7 /* Sources */,
				B0724E461DCC65AD009A53E7 /* Frameworks */,
				B0724E471DCC65AD009A53E7 /* Resources */,
			);
			buildRules = (
			);
			dependencies = (
				B0724E4B1DCC65AD009A53E7 /* PBXTargetDependency */,
			);
			name = GitDemoTestUITests;
			productName = GitDemoTestUITests;
			productReference = B0724E491DCC65AD009A53E7 /* GitDemoTestUITests.xctest */;
			productType = "com.apple.product-type.bundle.ui-testing";
		};
/* End PBXNativeTarget section */

/* Begin PBXProject section */
		B0724E1D1DCC65A8009A53E7 /* Project object */ = {
			isa = PBXProject;
			attributes = {
				LastUpgradeCheck = 0800;
				ORGANIZATIONNAME = "Syneotek Software Solution";
				TargetAttributes = {
					B0724E241DCC65AA009A53E7 = {
						CreatedOnToolsVersion = 8.0;
						ProvisioningStyle = Automatic;
					};
					B0724E3D1DCC65AD009A53E7 = {
						CreatedOnToolsVersion = 8.0;
						ProvisioningStyle = Automatic;
						TestTargetID = B0724E241DCC65AA009A53E7;
					};
					B0724E481DCC65AD009A53E7 = {
						CreatedOnToolsVersion = 8.0;
						ProvisioningStyle = Automatic;
						TestTargetID = B0724E241DCC65AA009A53E7;
					};
				};
			};
			buildConfigurationList = B0724E201DCC65AA009A53E7 /* Build configuration list for PBXProject "GitDemoTest" */;
			compatibilityVersion = "Xcode 3.2";
			developmentRegion = English;
			hasScannedForEncodings = 0;
			knownRegions = (
				en,
				Base,
			);
			mainGroup = B0724E1C1DCC65A7009A53E7;
			productRefGroup = B0724E261DCC65AA009A53E7 /* Products */;
			projectDirPath = "";
			projectRoot = "";
			targets = (
				B0724E241DCC65AA009A53E7 /* GitDemoTest */,
				B0724E3D1DCC65AD009A53E7 /* GitDemoTestTests */,
				B0724E481DCC65AD009A53E7 /* GitDemoTestUITests */,
			);
		};
/* End PBXProject section */

/* Begin PBXResourcesBuildPhase section */
		B0724E231DCC65AA009A53E7 /* Resources */ = {
			isa = PBXResourcesBuildPhase;
			buildActionMask = 2147483647;
			files = (
				B0724E381DCC65AB009A53E7 /* LaunchScreen.storyboard in Resources */,
				B0724E351DCC65AB009A53E7 /* Assets.xcassets in Resources */,
				B0724E331DCC65AA009A53E7 /* Main.storyboard in Resources */,
			);
			runOnlyForDeploymentPostprocessing = 0;
		};
		B0724E3C1DCC65AD009A53E7 /* Resources */ = {
			isa = PBXResourcesBuildPhase;
			buildActionMask = 2147483647;
			files = (
			);
			runOnlyForDeploymentPostprocessing = 0;
		};
		B0724E471DCC65AD009A53E7 /* Resources */ = {
			isa = PBXResourcesBuildPhase;
			buildActionMask = 2147483647;
			files = (
			);
			runOnlyForDeploymentPostprocessing = 0;
		};
/* End PBXResourcesBuildPhase section */

/* Begin PBXSourcesBuildPhase section */
		B0724E211DCC65AA009A53E7 /* Sources */ = {
			isa = PBXSourcesBuildPhase;
			buildActionMask = 2147483647;
			files = (
				B0724E301DCC65AA009A53E7 /* ViewController.m in Sources */,
				B0724E2D1DCC65AA009A53E7 /* AppDelegate.m in Sources */,
				B0724E2A1DCC65AA009A53E7 /* main.m in Sources */,
			);
			runOnlyForDeploymentPostprocessing = 0;
		};
		B0724E3A1DCC65AD009A53E7 /* Sources */ = {
			isa = PBXSourcesBuildPhase;
			buildActionMask = 2147483647;
			files = (
				B0724E431DCC65AD009A53E7 /* GitDemoTestTests.m in Sources */,
			);
			runOnlyForDeploymentPostprocessing = 0;
		};
		B0724E451DCC65AD009A53E7 /* Sources */ = {
			isa = PBXSourcesBuildPhase;
			buildActionMask = 2147483647;
			files = (
				B0724E4E1DCC65AD009A53E7 /* GitDemoTestUITests.m in Sources */,
			);
			runOnlyForDeploymentPostprocessing = 0;
		};
/* End PBXSourcesBuildPhase section */

/* Begin PBXTargetDependency section */
		B0724E401DCC65AD009A53E7 /* PBXTargetDependency */ = {
			isa = PBXTargetDependency;
			target = B0724E241DCC65AA009A53E7 /* GitDemoTest */;
			targetProxy = B0724E3F1DCC65AD009A53E7 /* PBXContainerItemProxy */;
		};
		B0724E4B1DCC65AD009A53E7 /* PBXTargetDependency */ = {
			isa = PBXTargetDependency;
			target = B0724E241DCC65AA009A53E7 /* GitDemoTest */;
			targetProxy = B0724E4A1DCC65AD009A53E7 /* PBXContainerItemProxy */;
		};
/* End PBXTargetDependency section */

/* Begin PBXVariantGroup section */
		B0724E311DCC65AA009A53E7 /* Main.storyboard */ = {
			isa = PBXVariantGroup;
			children = (
				B0724E321DCC65AA009A53E7 /* Base */,
			);
			name = Main.storyboard;
			sourceTree = "<group>";
		};
		B0724E361DCC65AB009A53E7 /* LaunchScreen.storyboard */ = {
			isa = PBXVariantGroup;
			children = (
				B0724E371DCC65AB009A53E7 /* Base */,
			);
			name = LaunchScreen.storyboard;
			sourceTree = "<group>";
		};
/* End PBXVariantGroup section */

/* Begin XCBuildConfiguration section */
		B0724E501DCC65AD009A53E7 /* Debug */ = {
			isa = XCBuildConfiguration;
			buildSettings = {
				ALWAYS_SEARCH_USER_PATHS = NO;
				CLANG_ANALYZER_NONNULL = YES;
				CLANG_CXX_LANGUAGE_STANDARD = "gnu++0x";
				CLANG_CXX_LIBRARY = "libc++";
				CLANG_ENABLE_MODULES = YES;
				CLANG_ENABLE_OBJC_ARC = YES;
				CLANG_WARN_BOOL_CONVERSION = YES;
				CLANG_WARN_CONSTANT_CONVERSION = YES;
				CLANG_WARN_DIRECT_OBJC_ISA_USAGE = YES_ERROR;
				CLANG_WARN_DOCUMENTATION_COMMENTS = YES;
				CLANG_WARN_EMPTY_BODY = YES;
				CLANG_WARN_ENUM_CONVERSION = YES;
				CLANG_WARN_INFINITE_RECURSION = YES;
				CLANG_WARN_INT_CONVERSION = YES;
				CLANG_WARN_OBJC_ROOT_CLASS = YES_ERROR;
				CLANG_WARN_SUSPICIOUS_MOVES = YES;
				CLANG_WARN_UNREACHABLE_CODE = YES;
				CLANG_WARN__DUPLICATE_METHOD_MATCH = YES;
				"CODE_SIGN_IDENTITY[sdk=iphoneos*]" = "iPhone Developer";
				COPY_PHASE_STRIP = NO;
				DEBUG_INFORMATION_FORMAT = dwarf;
				ENABLE_STRICT_OBJC_MSGSEND = YES;
				ENABLE_TESTABILITY = YES;
				GCC_C_LANGUAGE_STANDARD = gnu99;
				GCC_DYNAMIC_NO_PIC = NO;
				GCC_NO_COMMON_BLOCKS = YES;
				GCC_OPTIMIZATION_LEVEL = 0;
				GCC_PREPROCESSOR_DEFINITIONS = (
					"DEBUG=1",
					"$(inherited)",
				);
				GCC_WARN_64_TO_32_BIT_CONVERSION = YES;
				GCC_WARN_ABOUT_RETURN_TYPE = YES_ERROR;
				GCC_WARN_UNDECLARED_SELECTOR = YES;
				GCC_WARN_UNINITIALIZED_AUTOS = YES_AGGRESSIVE;
				GCC_WARN_UNUSED_FUNCTION = YES;
				GCC_WARN_UNUSED_VARIABLE = YES;
				IPHONEOS_DEPLOYMENT_TARGET = 10.0;
				MTL_ENABLE_DEBUG_INFO = YES;
				ONLY_ACTIVE_ARCH = YES;
				SDKROOT = iphoneos;
			};
			name = Debug;
		};
		B0724E511DCC65AD009A53E7 /* Release */ = {
			isa = XCBuildConfiguration;
			buildSettings = {
				ALWAYS_SEARCH_USER_PATHS = NO;
				CLANG_ANALYZER_NONNULL = YES;
				CLANG_CXX_LANGUAGE_STANDARD = "gnu++0x";
				CLANG_CXX_LIBRARY = "libc++";
				CLANG_ENABLE_MODULES = YES;
				CLANG_ENABLE_OBJC_ARC = YES;
				CLANG_WARN_BOOL_CONVERSION = YES;
				CLANG_WARN_CONSTANT_CONVERSION = YES;
				CLANG_WARN_DIRECT_OBJC_ISA_USAGE = YES_ERROR;
				CLANG_WARN_DOCUMENTATION_COMMENTS = YES;
				CLANG_WARN_EMPTY_BODY = YES;
				CLANG_WARN_ENUM_CONVERSION = YES;
				CLANG_WARN_INFINITE_RECURSION = YES;
				CLANG_WARN_INT_CONVERSION = YES;
				CLANG_WARN_OBJC_ROOT_CLASS = YES_ERROR;
				CLANG_WARN_SUSPICIOUS_MOVES = YES;
				CLANG_WARN_UNREACHABLE_CODE = YES;
				CLANG_WARN__DUPLICATE_METHOD_MATCH = YES;
				"CODE_SIGN_IDENTITY[sdk=iphoneos*]" = "iPhone Developer";
				COPY_PHASE_STRIP = NO;
				DEBUG_INFORMATION_FORMAT = "dwarf-with-dsym";
				ENABLE_NS_ASSERTIONS = NO;
				ENABLE_STRICT_OBJC_MSGSEND = YES;
				GCC_C_LANGUAGE_STANDARD = gnu99;
				GCC_NO_COMMON_BLOCKS = YES;
				GCC_WARN_64_TO_32_BIT_CONVERSION = YES;
				GCC_WARN_ABOUT_RETURN_TYPE = YES_ERROR;
				GCC_WARN_UNDECLARED_SELECTOR = YES;
				GCC_WARN_UNINITIALIZED_AUTOS = YES_AGGRESSIVE;
				GCC_WARN_UNUSED_FUNCTION = YES;
				GCC_WARN_UNUSED_VARIABLE = YES;
				IPHONEOS_DEPLOYMENT_TARGET = 10.0;
				MTL_ENABLE_DEBUG_INFO = NO;
				SDKROOT = iphoneos;
				VALIDATE_PRODUCT = YES;
			};
			name = Release;
		};
		B0724E531DCC65AD009A53E7 /* Debug */ = {
			isa = XCBuildConfiguration;
			buildSettings = {
				ASSETCATALOG_COMPILER_APPICON_NAME = AppIcon;
				INFOPLIST_FILE = GitDemoTest/Info.plist;
				LD_RUNPATH_SEARCH_PATHS = "$(inherited) @executable_path/Frameworks";
				PRODUCT_BUNDLE_IDENTIFIER = com.syneotek.GitDemoTest;
				PRODUCT_NAME = "$(TARGET_NAME)";
			};
			name = Debug;
		};
		B0724E541DCC65AD009A53E7 /* Release */ = {
			isa = XCBuildConfiguration;
			buildSettings = {
				ASSETCATALOG_COMPILER_APPICON_NAME = AppIcon;
				INFOPLIST_FILE = GitDemoTest/Info.plist;
				LD_RUNPATH_SEARCH_PATHS = "$(inherited) @executable_path/Frameworks";
				PRODUCT_BUNDLE_IDENTIFIER = com.syneotek.GitDemoTest;
				PRODUCT_NAME = "$(TARGET_NAME)";
			};
			name = Release;
		};
		B0724E561DCC65AD009A53E7 /* Debug */ = {
			isa = XCBuildConfiguration;
			buildSettings = {
				BUNDLE_LOADER = "$(TEST_HOST)";
				INFOPLIST_FILE = GitDemoTestTests/Info.plist;
				LD_RUNPATH_SEARCH_PATHS = "$(inherited) @executable_path/Frameworks @loader_path/Frameworks";
				PRODUCT_BUNDLE_IDENTIFIER = com.syneotek.GitDemoTestTests;
				PRODUCT_NAME = "$(TARGET_NAME)";
				TEST_HOST = "$(BUILT_PRODUCTS_DIR)/GitDemoTest.app/GitDemoTest";
			};
			name = Debug;
		};
		B0724E571DCC65AD009A53E7 /* Release */ = {
			isa = XCBuildConfiguration;
			buildSettings = {
				BUNDLE_LOADER = "$(TEST_HOST)";
				INFOPLIST_FILE = GitDemoTestTests/Info.plist;
				LD_RUNPATH_SEARCH_PATHS = "$(inherited) @executable_path/Frameworks @loader_path/Frameworks";
				PRODUCT_BUNDLE_IDENTIFIER = com.syneotek.GitDemoTestTests;
				PRODUCT_NAME = "$(TARGET_NAME)";
				TEST_HOST = "$(BUILT_PRODUCTS_DIR)/GitDemoTest.app/GitDemoTest";
			};
			name = Release;
		};
		B0724E591DCC65AD009A53E7 /* Debug */ = {
			isa = XCBuildConfiguration;
			buildSettings = {
				INFOPLIST_FILE = GitDemoTestUITests/Info.plist;
				LD_RUNPATH_SEARCH_PATHS = "$(inherited) @executable_path/Frameworks @loader_path/Frameworks";
				PRODUCT_BUNDLE_IDENTIFIER = com.syneotek.GitDemoTestUITests;
				PRODUCT_NAME = "$(TARGET_NAME)";
				TEST_TARGET_NAME = GitDemoTest;
			};
			name = Debug;
		};
		B0724E5A1DCC65AD009A53E7 /* Release */ = {
			isa = XCBuildConfiguration;
			buildSettings = {
				INFOPLIST_FILE = GitDemoTestUITests/Info.plist;
				LD_RUNPATH_SEARCH_PATHS = "$(inherited) @executable_path/Frameworks @loader_path/Frameworks";
				PRODUCT_BUNDLE_IDENTIFIER = com.syneotek.GitDemoTestUITests;
				PRODUCT_NAME = "$(TARGET_NAME)";
				TEST_TARGET_NAME = GitDemoTest;
			};
			name = Release;
		};
/* End XCBuildConfiguration section */

/* Begin XCConfigurationList section */
		B0724E201DCC65AA009A53E7 /* Build configuration list for PBXProject "GitDemoTest" */ = {
			isa = XCConfigurationList;
			buildConfigurations = (
				B0724E501DCC65AD009A53E7 /* Debug */,
				B0724E511DCC65AD009A53E7 /* Release */,
			);
			defaultConfigurationIsVisible = 0;
			defaultConfigurationName = Release;
		};
		B0724E521DCC65AD009A53E7 /* Build configuration list for PBXNativeTarget "GitDemoTest" */ = {
			isa = XCConfigurationList;
			buildConfigurations = (
				B0724E531DCC65AD009A53E7 /* Debug */,
				B0724E541DCC65AD009A53E7 /* Release */,
			);
			defaultConfigurationIsVisible = 0;
		};
		B0724E551DCC65AD009A53E7 /* Build configuration list for PBXNativeTarget "GitDemoTestTests" */ = {
			isa = XCConfigurationList;
			buildConfigurations = (
				B0724E561DCC65AD009A53E7 /* Debug */,
				B0724E571DCC65AD009A53E7 /* Release */,
			);
			defaultConfigurationIsVisible = 0;
		};
		B0724E581DCC65AD009A53E7 /* Build configuration list for PBXNativeTarget "GitDemoTestUITests" */ = {
			isa = XCConfigurationList;
			buildConfigurations = (
				B0724E591DCC65AD009A53E7 /* Debug */,
				B0724E5A1DCC65AD009A53E7 /* Release */,
			);
			defaultConfigurationIsVisible = 0;
		};
/* End XCConfigurationList section */
	};
	rootObject = B0724E1D1DCC65A8009A53E7 /* Project object */;
}
